
Microsoft Visual Studio Solution File, Format Version 12.00
# Visual Studio Version 17
VisualStudioVersion = 17.4.33122.133
MinimumVisualStudioVersion = 10.0.40219.1
Project("{FAE04EC0-301F-11D3-BF4B-00C04F79EFBC}") = "HealthCheckRepro", "HealthCheckRepro\HealthCheckRepro.csproj", "{DFBF6624-A2D8-492F-87CB-A75C94104776}"
EndProject
Global
	GlobalSection(SolutionConfigurationPlatforms) = preSolution
		Debug|Any CPU = Debug|Any CPU
		Release|Any CPU = Release|Any CPU
	EndGlobalSection
	GlobalSection(ProjectConfigurationPlatforms) = postSolution
		{DFBF6624-A2D8-492F-87CB-A75C94104776}.Debug|Any CPU.ActiveCfg = Debug|Any CPU
		{DFBF6624-A2D8-492F-87CB-A75C94104776}.Debug|Any CPU.Build.0 = Debug|Any CPU
		{DFBF6624-A2D8-492F-87CB-A75C94104776}.Release|Any CPU.ActiveCfg = Release|Any CPU
		{DFBF6624-A2D8-492F-87CB-A75C94104776}.Release|Any CPU.Build.0 = Release|Any CPU
	EndGlobalSection
	GlobalSection(SolutionProperties) = preSolution
		HideSolutionNode = FALSE
	EndGlobalSection
	GlobalSection(ExtensibilityGlobals) = postSolution
		SolutionGuid = {ECCF52E2-8B37-4401-8C37-EED4E84888D8}
	EndGlobalSection
EndGlobal
